
Microsoft Visual Studio Solution File, Format Version 12.00
# Visual Studio Version 16
VisualStudioVersion = 16.0.32413.511
MinimumVisualStudioVersion = 10.0.40219.1
Project("{FAE04EC0-301F-11D3-BF4B-00C04F79EFBC}") = "TP4", "TP4\TP4.csproj", "{A8374505-36F6-44D7-BF53-742DE2AA9B16}"
EndProject
Project("{FAE04EC0-301F-11D3-BF4B-00C04F79EFBC}") = "Entidades", "Entidades\Entidades.csproj", "{BAC0487D-A743-47BF-9065-14BA7EBFCC43}"
EndProject
Project("{FAE04EC0-301F-11D3-BF4B-00C04F79EFBC}") = "TestTP4", "TestTP4\TestTP4.csproj", "{E76600BC-9B5B-4046-BB3A-8A3CEDE80884}"
EndProject
Global
	GlobalSection(SolutionConfigurationPlatforms) = preSolution
		Debug|Any CPU = Debug|Any CPU
		Release|Any CPU = Release|Any CPU
	EndGlobalSection
	GlobalSection(ProjectConfigurationPlatforms) = postSolution
		{A8374505-36F6-44D7-BF53-742DE2AA9B16}.Debug|Any CPU.ActiveCfg = Debug|Any CPU
		{A8374505-36F6-44D7-BF53-742DE2AA9B16}.Debug|Any CPU.Build.0 = Debug|Any CPU
		{A8374505-36F6-44D7-BF53-742DE2AA9B16}.Release|Any CPU.ActiveCfg = Release|Any CPU
		{A8374505-36F6-44D7-BF53-742DE2AA9B16}.Release|Any CPU.Build.0 = Release|Any CPU
		{BAC0487D-A743-47BF-9065-14BA7EBFCC43}.Debug|Any CPU.ActiveCfg = Debug|Any CPU
		{BAC0487D-A743-47BF-9065-14BA7EBFCC43}.Debug|Any CPU.Build.0 = Debug|Any CPU
		{BAC0487D-A743-47BF-9065-14BA7EBFCC43}.Release|Any CPU.ActiveCfg = Release|Any CPU
		{BAC0487D-A743-47BF-9065-14BA7EBFCC43}.Release|Any CPU.Build.0 = Release|Any CPU
		{E76600BC-9B5B-4046-BB3A-8A3CEDE80884}.Debug|Any CPU.ActiveCfg = Debug|Any CPU
		{E76600BC-9B5B-4046-BB3A-8A3CEDE80884}.Debug|Any CPU.Build.0 = Debug|Any CPU
		{E76600BC-9B5B-4046-BB3A-8A3CEDE80884}.Release|Any CPU.ActiveCfg = Release|Any CPU
		{E76600BC-9B5B-4046-BB3A-8A3CEDE80884}.Release|Any CPU.Build.0 = Release|Any CPU
	EndGlobalSection
	GlobalSection(SolutionProperties) = preSolution
		HideSolutionNode = FALSE
	EndGlobalSection
	GlobalSection(ExtensibilityGlobals) = postSolution
		SolutionGuid = {1413BF71-A500-4159-8806-996BD7140142}
	EndGlobalSection
EndGlobal
